// !$*UTF8*$!
{
	archiveVersion = 1;
	classes = {
	};
	objectVersion = 46;
	objects = {

/* Begin PBXBuildFile section */
		AB2C973F1BBA6686004F9E9A /* LFImagePickerTopBar.m in Sources */ = {isa = PBXBuildFile; fileRef = AB2C973E1BBA6686004F9E9A /* LFImagePickerTopBar.m */; settings = {ASSET_TAGS = (); }; };
		ABB34BDC1BB3D17A00C290A7 /* main.m in Sources */ = {isa = PBXBuildFile; fileRef = ABB34BDB1BB3D17A00C290A7 /* main.m */; };
		ABB34BDF1BB3D17A00C290A7 /* AppDelegate.m in Sources */ = {isa = PBXBuildFile; fileRef = ABB34BDE1BB3D17A00C290A7 /* AppDelegate.m */; };
		ABB34BE21BB3D17A00C290A7 /* LFImagePickerViewController.m in Sources */ = {isa = PBXBuildFile; fileRef = ABB34BE11BB3D17A00C290A7 /* LFImagePickerViewController.m */; };
		ABB34BE51BB3D17B00C290A7 /* Main.storyboard in Resources */ = {isa = PBXBuildFile; fileRef = ABB34BE31BB3D17B00C290A7 /* Main.storyboard */; };
		ABB34BE71BB3D17B00C290A7 /* Assets.xcassets in Resources */ = {isa = PBXBuildFile; fileRef = ABB34BE61BB3D17B00C290A7 /* Assets.xcassets */; };
		ABB34BEA1BB3D17B00C290A7 /* LaunchScreen.storyboard in Resources */ = {isa = PBXBuildFile; fileRef = ABB34BE81BB3D17B00C290A7 /* LaunchScreen.storyboard */; };
		ABB34BF51BB3D17B00C290A7 /* LFImagePickerTests.m in Sources */ = {isa = PBXBuildFile; fileRef = ABB34BF41BB3D17B00C290A7 /* LFImagePickerTests.m */; };
		ABB34C001BB3D17B00C290A7 /* LFImagePickerUITests.m in Sources */ = {isa = PBXBuildFile; fileRef = ABB34BFF1BB3D17B00C290A7 /* LFImagePickerUITests.m */; };
		ABB34C111BB554F900C290A7 /* UIView+LayoutMethods.m in Sources */ = {isa = PBXBuildFile; fileRef = ABB34C101BB554F900C290A7 /* UIView+LayoutMethods.m */; settings = {ASSET_TAGS = (); }; };
		ABB34C161BB55CD200C290A7 /* LFPhotoCollectionViewCell.m in Sources */ = {isa = PBXBuildFile; fileRef = ABB34C151BB55CD200C290A7 /* LFPhotoCollectionViewCell.m */; settings = {ASSET_TAGS = (); }; };
		ABEAC0541BB9358700C94E44 /* LFPhotoData.m in Sources */ = {isa = PBXBuildFile; fileRef = ABEAC0531BB9358700C94E44 /* LFPhotoData.m */; settings = {ASSET_TAGS = (); }; };
/* End PBXBuildFile section */

/* Begin PBXContainerItemProxy section */
		ABB34BF11BB3D17B00C290A7 /* PBXContainerItemProxy */ = {
			isa = PBXContainerItemProxy;
			containerPortal = ABB34BCF1BB3D17A00C290A7 /* Project object */;
			proxyType = 1;
			remoteGlobalIDString = ABB34BD61BB3D17A00C290A7;
			remoteInfo = LFImagePicker;
		};
		ABB34BFC1BB3D17B00C290A7 /* PBXContainerItemProxy */ = {
			isa = PBXContainerItemProxy;
			containerPortal = ABB34BCF1BB3D17A00C290A7 /* Project object */;
			proxyType = 1;
			remoteGlobalIDString = ABB34BD61BB3D17A00C290A7;
			remoteInfo = LFImagePicker;
		};
/* End PBXContainerItemProxy section */

/* Begin PBXFileReference section */
		AB2C973D1BBA6686004F9E9A /* LFImagePickerTopBar.h */ = {isa = PBXFileReference; fileEncoding = 4; lastKnownFileType = sourcecode.c.h; path = LFImagePickerTopBar.h; sourceTree = "<group>"; };
		AB2C973E1BBA6686004F9E9A /* LFImagePickerTopBar.m */ = {isa = PBXFileReference; fileEncoding = 4; lastKnownFileType = sourcecode.c.objc; path = LFImagePickerTopBar.m; sourceTree = "<group>"; };
		ABB34BD71BB3D17A00C290A7 /* LFImagePicker.app */ = {isa = PBXFileReference; explicitFileType = wrapper.application; includeInIndex = 0; path = LFImagePicker.app; sourceTree = BUILT_PRODUCTS_DIR; };
		ABB34BDB1BB3D17A00C290A7 /* main.m */ = {isa = PBXFileReference; lastKnownFileType = sourcecode.c.objc; path = main.m; sourceTree = "<group>"; };
		ABB34BDD1BB3D17A00C290A7 /* AppDelegate.h */ = {isa = PBXFileReference; lastKnownFileType = sourcecode.c.h; path = AppDelegate.h; sourceTree = "<group>"; };
		ABB34BDE1BB3D17A00C290A7 /* AppDelegate.m */ = {isa = PBXFileReference; lastKnownFileType = sourcecode.c.objc; path = AppDelegate.m; sourceTree = "<group>"; };
		ABB34BE01BB3D17A00C290A7 /* LFImagePickerViewController.h */ = {isa = PBXFileReference; lastKnownFileType = sourcecode.c.h; path = LFImagePickerViewController.h; sourceTree = "<group>"; };
		ABB34BE11BB3D17A00C290A7 /* LFImagePickerViewController.m */ = {isa = PBXFileReference; lastKnownFileType = sourcecode.c.objc; path = LFImagePickerViewController.m; sourceTree = "<group>"; };
		ABB34BE41BB3D17B00C290A7 /* Base */ = {isa = PBXFileReference; lastKnownFileType = file.storyboard; name = Base; path = Base.lproj/Main.storyboard; sourceTree = "<group>"; };
		ABB34BE61BB3D17B00C290A7 /* Assets.xcassets */ = {isa = PBXFileReference; lastKnownFileType = folder.assetcatalog; path = Assets.xcassets; sourceTree = "<group>"; };
		ABB34BE91BB3D17B00C290A7 /* Base */ = {isa = PBXFileReference; lastKnownFileType = file.storyboard; name = Base; path = Base.lproj/LaunchScreen.storyboard; sourceTree = "<group>"; };
		ABB34BEB1BB3D17B00C290A7 /* Info.plist */ = {isa = PBXFileReference; lastKnownFileType = text.plist.xml; path = Info.plist; sourceTree = "<group>"; };
		ABB34BF01BB3D17B00C290A7 /* LFImagePickerTests.xctest */ = {isa = PBXFileReference; explicitFileType = wrapper.cfbundle; includeInIndex = 0; path = LFImagePickerTests.xctest; sourceTree = BUILT_PRODUCTS_DIR; };
		ABB34BF41BB3D17B00C290A7 /* LFImagePickerTests.m */ = {isa = PBXFileReference; lastKnownFileType = sourcecode.c.objc; path = LFImagePickerTests.m; sourceTree = "<group>"; };
		ABB34BF61BB3D17B00C290A7 /* Info.plist */ = {isa = PBXFileReference; lastKnownFileType = text.plist.xml; path = Info.plist; sourceTree = "<group>"; };
		ABB34BFB1BB3D17B00C290A7 /* LFImagePickerUITests.xctest */ = {isa = PBXFileReference; explicitFileType = wrapper.cfbundle; includeInIndex = 0; path = LFImagePickerUITests.xctest; sourceTree = BUILT_PRODUCTS_DIR; };
		ABB34BFF1BB3D17B00C290A7 /* LFImagePickerUITests.m */ = {isa = PBXFileReference; lastKnownFileType = sourcecode.c.objc; path = LFImagePickerUITests.m; sourceTree = "<group>"; };
		ABB34C011BB3D17B00C290A7 /* Info.plist */ = {isa = PBXFileReference; lastKnownFileType = text.plist.xml; path = Info.plist; sourceTree = "<group>"; };
		ABB34C0F1BB554F900C290A7 /* UIView+LayoutMethods.h */ = {isa = PBXFileReference; fileEncoding = 4; lastKnownFileType = sourcecode.c.h; path = "UIView+LayoutMethods.h"; sourceTree = "<group>"; };
		ABB34C101BB554F900C290A7 /* UIView+LayoutMethods.m */ = {isa = PBXFileReference; fileEncoding = 4; lastKnownFileType = sourcecode.c.objc; path = "UIView+LayoutMethods.m"; sourceTree = "<group>"; };
		ABB34C141BB55CD200C290A7 /* LFPhotoCollectionViewCell.h */ = {isa = PBXFileReference; fileEncoding = 4; lastKnownFileType = sourcecode.c.h; path = LFPhotoCollectionViewCell.h; sourceTree = "<group>"; };
		ABB34C151BB55CD200C290A7 /* LFPhotoCollectionViewCell.m */ = {isa = PBXFileReference; fileEncoding = 4; lastKnownFileType = sourcecode.c.objc; path = LFPhotoCollectionViewCell.m; sourceTree = "<group>"; };
		ABEAC0521BB9358700C94E44 /* LFPhotoData.h */ = {isa = PBXFileReference; fileEncoding = 4; lastKnownFileType = sourcecode.c.h; path = LFPhotoData.h; sourceTree = "<group>"; };
		ABEAC0531BB9358700C94E44 /* LFPhotoData.m */ = {isa = PBXFileReference; fileEncoding = 4; lastKnownFileType = sourcecode.c.objc; path = LFPhotoData.m; sourceTree = "<group>"; };
/* End PBXFileReference section */

/* Begin PBXFrameworksBuildPhase section */
		ABB34BD41BB3D17A00C290A7 /* Frameworks */ = {
			isa = PBXFrameworksBuildPhase;
			buildActionMask = 2147483647;
			files = (
			);
			runOnlyForDeploymentPostprocessing = 0;
		};
		ABB34BED1BB3D17B00C290A7 /* Frameworks */ = {
			isa = PBXFrameworksBuildPhase;
			buildActionMask = 2147483647;
			files = (
			);
			runOnlyForDeploymentPostprocessing = 0;
		};
		ABB34BF81BB3D17B00C290A7 /* Frameworks */ = {
			isa = PBXFrameworksBuildPhase;
			buildActionMask = 2147483647;
			files = (
			);
			runOnlyForDeploymentPostprocessing = 0;
		};
/* End PBXFrameworksBuildPhase section */

/* Begin PBXGroup section */
		AB2C973C1BBA6654004F9E9A /* topBar */ = {
			isa = PBXGroup;
			children = (
				AB2C973D1BBA6686004F9E9A /* LFImagePickerTopBar.h */,
				AB2C973E1BBA6686004F9E9A /* LFImagePickerTopBar.m */,
			);
			path = topBar;
			sourceTree = "<group>";
		};
		ABB34BCE1BB3D17A00C290A7 = {
			isa = PBXGroup;
			children = (
				ABB34BD91BB3D17A00C290A7 /* LFImagePicker */,
				ABB34BF31BB3D17B00C290A7 /* LFImagePickerTests */,
				ABB34BFE1BB3D17B00C290A7 /* LFImagePickerUITests */,
				ABB34BD81BB3D17A00C290A7 /* Products */,
			);
			sourceTree = "<group>";
		};
		ABB34BD81BB3D17A00C290A7 /* Products */ = {
			isa = PBXGroup;
			children = (
				ABB34BD71BB3D17A00C290A7 /* LFImagePicker.app */,
				ABB34BF01BB3D17B00C290A7 /* LFImagePickerTests.xctest */,
				ABB34BFB1BB3D17B00C290A7 /* LFImagePickerUITests.xctest */,
			);
			name = Products;
			sourceTree = "<group>";
		};
		ABB34BD91BB3D17A00C290A7 /* LFImagePicker */ = {
			isa = PBXGroup;
			children = (
				ABB34C0D1BB554F900C290A7 /* Categories */,
				ABEAC0501BB9350400C94E44 /* Datas */,
				ABB34C121BB55C9200C290A7 /* Views */,
				ABB34BE01BB3D17A00C290A7 /* LFImagePickerViewController.h */,
				ABB34BE11BB3D17A00C290A7 /* LFImagePickerViewController.m */,
				ABB34BDA1BB3D17A00C290A7 /* Supporting Files */,
			);
			path = LFImagePicker;
			sourceTree = "<group>";
		};
		ABB34BDA1BB3D17A00C290A7 /* Supporting Files */ = {
			isa = PBXGroup;
			children = (
				ABB34BE31BB3D17B00C290A7 /* Main.storyboard */,
				ABB34BE61BB3D17B00C290A7 /* Assets.xcassets */,
				ABB34BE81BB3D17B00C290A7 /* LaunchScreen.storyboard */,
				ABB34BEB1BB3D17B00C290A7 /* Info.plist */,
				ABB34BDD1BB3D17A00C290A7 /* AppDelegate.h */,
				ABB34BDE1BB3D17A00C290A7 /* AppDelegate.m */,
				ABB34BDB1BB3D17A00C290A7 /* main.m */,
			);
			name = "Supporting Files";
			sourceTree = "<group>";
		};
		ABB34BF31BB3D17B00C290A7 /* LFImagePickerTests */ = {
			isa = PBXGroup;
			children = (
				ABB34BF41BB3D17B00C290A7 /* LFImagePickerTests.m */,
				ABB34BF61BB3D17B00C290A7 /* Info.plist */,
			);
			path = LFImagePickerTests;
			sourceTree = "<group>";
		};
		ABB34BFE1BB3D17B00C290A7 /* LFImagePickerUITests */ = {
			isa = PBXGroup;
			children = (
				ABB34BFF1BB3D17B00C290A7 /* LFImagePickerUITests.m */,
				ABB34C011BB3D17B00C290A7 /* Info.plist */,
			);
			path = LFImagePickerUITests;
			sourceTree = "<group>";
		};
		ABB34C0D1BB554F900C290A7 /* Categories */ = {
			isa = PBXGroup;
			children = (
				ABB34C0E1BB554F900C290A7 /* Views */,
			);
			path = Categories;
			sourceTree = "<group>";
		};
		ABB34C0E1BB554F900C290A7 /* Views */ = {
			isa = PBXGroup;
			children = (
				ABB34C0F1BB554F900C290A7 /* UIView+LayoutMethods.h */,
				ABB34C101BB554F900C290A7 /* UIView+LayoutMethods.m */,
			);
			path = Views;
			sourceTree = "<group>";
		};
		ABB34C121BB55C9200C290A7 /* Views */ = {
			isa = PBXGroup;
			children = (
				AB2C973C1BBA6654004F9E9A /* topBar */,
				ABB34C131BB55C9200C290A7 /* photoCell */,
			);
			path = Views;
			sourceTree = "<group>";
		};
		ABB34C131BB55C9200C290A7 /* photoCell */ = {
			isa = PBXGroup;
			children = (
				ABB34C141BB55CD200C290A7 /* LFPhotoCollectionViewCell.h */,
				ABB34C151BB55CD200C290A7 /* LFPhotoCollectionViewCell.m */,
			);
			path = photoCell;
			sourceTree = "<group>";
		};
		ABEAC0501BB9350400C94E44 /* Datas */ = {
			isa = PBXGroup;
			children = (
				ABEAC0511BB9355500C94E44 /* PhotoData */,
			);
			path = Datas;
			sourceTree = "<group>";
		};
		ABEAC0511BB9355500C94E44 /* PhotoData */ = {
			isa = PBXGroup;
			children = (
				ABEAC0521BB9358700C94E44 /* LFPhotoData.h */,
				ABEAC0531BB9358700C94E44 /* LFPhotoData.m */,
			);
			path = PhotoData;
			sourceTree = "<group>";
		};
/* End PBXGroup section */

/* Begin PBXNativeTarget section */
		ABB34BD61BB3D17A00C290A7 /* LFImagePicker */ = {
			isa = PBXNativeTarget;
			buildConfigurationList = ABB34C041BB3D17B00C290A7 /* Build configuration list for PBXNativeTarget "LFImagePicker" */;
			buildPhases = (
				ABB34BD31BB3D17A00C290A7 /* Sources */,
				ABB34BD41BB3D17A00C290A7 /* Frameworks */,
				ABB34BD51BB3D17A00C290A7 /* Resources */,
			);
			buildRules = (
			);
			dependencies = (
			);
			name = LFImagePicker;
			productName = LFImagePicker;
			productReference = ABB34BD71BB3D17A00C290A7 /* LFImagePicker.app */;
			productType = "com.apple.product-type.application";
		};
		ABB34BEF1BB3D17B00C290A7 /* LFImagePickerTests */ = {
			isa = PBXNativeTarget;
			buildConfigurationList = ABB34C071BB3D17B00C290A7 /* Build configuration list for PBXNativeTarget "LFImagePickerTests" */;
			buildPhases = (
				ABB34BEC1BB3D17B00C290A7 /* Sources */,
				ABB34BED1BB3D17B00C290A7 /* Frameworks */,
				ABB34BEE1BB3D17B00C290A7 /* Resources */,
			);
			buildRules = (
			);
			dependencies = (
				ABB34BF21BB3D17B00C290A7 /* PBXTargetDependency */,
			);
			name = LFImagePickerTests;
			productName = LFImagePickerTests;
			productReference = ABB34BF01BB3D17B00C290A7 /* LFImagePickerTests.xctest */;
			productType = "com.apple.product-type.bundle.unit-test";
		};
		ABB34BFA1BB3D17B00C290A7 /* LFImagePickerUITests */ = {
			isa = PBXNativeTarget;
			buildConfigurationList = ABB34C0A1BB3D17B00C290A7 /* Build configuration list for PBXNativeTarget "LFImagePickerUITests" */;
			buildPhases = (
				ABB34BF71BB3D17B00C290A7 /* Sources */,
				ABB34BF81BB3D17B00C290A7 /* Frameworks */,
				ABB34BF91BB3D17B00C290A7 /* Resources */,
			);
			buildRules = (
			);
			dependencies = (
				ABB34BFD1BB3D17B00C290A7 /* PBXTargetDependency */,
			);
			name = LFImagePickerUITests;
			productName = LFImagePickerUITests;
			productReference = ABB34BFB1BB3D17B00C290A7 /* LFImagePickerUITests.xctest */;
			productType = "com.apple.product-type.bundle.ui-testing";
		};
/* End PBXNativeTarget section */

/* Begin PBXProject section */
		ABB34BCF1BB3D17A00C290A7 /* Project object */ = {
			isa = PBXProject;
			attributes = {
				CLASSPREFIX = LF;
				LastUpgradeCheck = 0700;
				ORGANIZATIONNAME = LongFan;
				TargetAttributes = {
					ABB34BD61BB3D17A00C290A7 = {
						CreatedOnToolsVersion = 7.0;
					};
					ABB34BEF1BB3D17B00C290A7 = {
						CreatedOnToolsVersion = 7.0;
						TestTargetID = ABB34BD61BB3D17A00C290A7;
					};
					ABB34BFA1BB3D17B00C290A7 = {
						CreatedOnToolsVersion = 7.0;
						TestTargetID = ABB34BD61BB3D17A00C290A7;
					};
				};
			};
			buildConfigurationList = ABB34BD21BB3D17A00C290A7 /* Build configuration list for PBXProject "LFImagePicker" */;
			compatibilityVersion = "Xcode 3.2";
			developmentRegion = English;
			hasScannedForEncodings = 0;
			knownRegions = (
				en,
				Base,
			);
			mainGroup = ABB34BCE1BB3D17A00C290A7;
			productRefGroup = ABB34BD81BB3D17A00C290A7 /* Products */;
			projectDirPath = "";
			projectRoot = "";
			targets = (
				ABB34BD61BB3D17A00C290A7 /* LFImagePicker */,
				ABB34BEF1BB3D17B00C290A7 /* LFImagePickerTests */,
				ABB34BFA1BB3D17B00C290A7 /* LFImagePickerUITests */,
			);
		};
/* End PBXProject section */

/* Begin PBXResourcesBuildPhase section */
		ABB34BD51BB3D17A00C290A7 /* Resources */ = {
			isa = PBXResourcesBuildPhase;
			buildActionMask = 2147483647;
			files = (
				ABB34BEA1BB3D17B00C290A7 /* LaunchScreen.storyboard in Resources */,
				ABB34BE71BB3D17B00C290A7 /* Assets.xcassets in Resources */,
				ABB34BE51BB3D17B00C290A7 /* Main.storyboard in Resources */,
			);
			runOnlyForDeploymentPostprocessing = 0;
		};
		ABB34BEE1BB3D17B00C290A7 /* Resources */ = {
			isa = PBXResourcesBuildPhase;
			buildActionMask = 2147483647;
			files = (
			);
			runOnlyForDeploymentPostprocessing = 0;
		};
		ABB34BF91BB3D17B00C290A7 /* Resources */ = {
			isa = PBXResourcesBuildPhase;
			buildActionMask = 2147483647;
			files = (
			);
			runOnlyForDeploymentPostprocessing = 0;
		};
/* End PBXResourcesBuildPhase section */

/* Begin PBXSourcesBuildPhase section */
		ABB34BD31BB3D17A00C290A7 /* Sources */ = {
			isa = PBXSourcesBuildPhase;
			buildActionMask = 2147483647;
			files = (
				AB2C973F1BBA6686004F9E9A /* LFImagePickerTopBar.m in Sources */,
				ABEAC0541BB9358700C94E44 /* LFPhotoData.m in Sources */,
				ABB34BE21BB3D17A00C290A7 /* LFImagePickerViewController.m in Sources */,
				ABB34BDF1BB3D17A00C290A7 /* AppDelegate.m in Sources */,
				ABB34C161BB55CD200C290A7 /* LFPhotoCollectionViewCell.m in Sources */,
				ABB34BDC1BB3D17A00C290A7 /* main.m in Sources */,
				ABB34C111BB554F900C290A7 /* UIView+LayoutMethods.m in Sources */,
			);
			runOnlyForDeploymentPostprocessing = 0;
		};
		ABB34BEC1BB3D17B00C290A7 /* Sources */ = {
			isa = PBXSourcesBuildPhase;
			buildActionMask = 2147483647;
			files = (
				ABB34BF51BB3D17B00C290A7 /* LFImagePickerTests.m in Sources */,
			);
			runOnlyForDeploymentPostprocessing = 0;
		};
		ABB34BF71BB3D17B00C290A7 /* Sources */ = {
			isa = PBXSourcesBuildPhase;
			buildActionMask = 2147483647;
			files = (
				ABB34C001BB3D17B00C290A7 /* LFImagePickerUITests.m in Sources */,
			);
			runOnlyForDeploymentPostprocessing = 0;
		};
/* End PBXSourcesBuildPhase section */

/* Begin PBXTargetDependency section */
		ABB34BF21BB3D17B00C290A7 /* PBXTargetDependency */ = {
			isa = PBXTargetDependency;
			target = ABB34BD61BB3D17A00C290A7 /* LFImagePicker */;
			targetProxy = ABB34BF11BB3D17B00C290A7 /* PBXContainerItemProxy */;
		};
		ABB34BFD1BB3D17B00C290A7 /* PBXTargetDependency */ = {
			isa = PBXTargetDependency;
			target = ABB34BD61BB3D17A00C290A7 /* LFImagePicker */;
			targetProxy = ABB34BFC1BB3D17B00C290A7 /* PBXContainerItemProxy */;
		};
/* End PBXTargetDependency section */

/* Begin PBXVariantGroup section */
		ABB34BE31BB3D17B00C290A7 /* Main.storyboard */ = {
			isa = PBXVariantGroup;
			children = (
				ABB34BE41BB3D17B00C290A7 /* Base */,
			);
			name = Main.storyboard;
			sourceTree = "<group>";
		};
		ABB34BE81BB3D17B00C290A7 /* LaunchScreen.storyboard */ = {
			isa = PBXVariantGroup;
			children = (
				ABB34BE91BB3D17B00C290A7 /* Base */,
			);
			name = LaunchScreen.storyboard;
			sourceTree = "<group>";
		};
/* End PBXVariantGroup section */

/* Begin XCBuildConfiguration section */
		ABB34C021BB3D17B00C290A7 /* Debug */ = {
			isa = XCBuildConfiguration;
			buildSettings = {
				ALWAYS_SEARCH_USER_PATHS = NO;
				CLANG_CXX_LANGUAGE_STANDARD = "gnu++0x";
				CLANG_CXX_LIBRARY = "libc++";
				CLANG_ENABLE_MODULES = YES;
				CLANG_ENABLE_OBJC_ARC = YES;
				CLANG_WARN_BOOL_CONVERSION = YES;
				CLANG_WARN_CONSTANT_CONVERSION = YES;
				CLANG_WARN_DIRECT_OBJC_ISA_USAGE = YES_ERROR;
				CLANG_WARN_EMPTY_BODY = YES;
				CLANG_WARN_ENUM_CONVERSION = YES;
				CLANG_WARN_INT_CONVERSION = YES;
				CLANG_WARN_OBJC_ROOT_CLASS = YES_ERROR;
				CLANG_WARN_UNREACHABLE_CODE = YES;
				CLANG_WARN__DUPLICATE_METHOD_MATCH = YES;
				"CODE_SIGN_IDENTITY[sdk=iphoneos*]" = "iPhone Developer";
				COPY_PHASE_STRIP = NO;
				DEBUG_INFORMATION_FORMAT = dwarf;
				ENABLE_STRICT_OBJC_MSGSEND = YES;
				ENABLE_TESTABILITY = YES;
				GCC_C_LANGUAGE_STANDARD = gnu99;
				GCC_DYNAMIC_NO_PIC = NO;
				GCC_NO_COMMON_BLOCKS = YES;
				GCC_OPTIMIZATION_LEVEL = 0;
				GCC_PREPROCESSOR_DEFINITIONS = (
					"DEBUG=1",
					"$(inherited)",
				);
				GCC_WARN_64_TO_32_BIT_CONVERSION = YES;
				GCC_WARN_ABOUT_RETURN_TYPE = YES_ERROR;
				GCC_WARN_UNDECLARED_SELECTOR = YES;
				GCC_WARN_UNINITIALIZED_AUTOS = YES_AGGRESSIVE;
				GCC_WARN_UNUSED_FUNCTION = YES;
				GCC_WARN_UNUSED_VARIABLE = YES;
				IPHONEOS_DEPLOYMENT_TARGET = 9.0;
				MTL_ENABLE_DEBUG_INFO = YES;
				ONLY_ACTIVE_ARCH = YES;
				SDKROOT = iphoneos;
			};
			name = Debug;
		};
		ABB34C031BB3D17B00C290A7 /* Release */ = {
			isa = XCBuildConfiguration;
			buildSettings = {
				ALWAYS_SEARCH_USER_PATHS = NO;
				CLANG_CXX_LANGUAGE_STANDARD = "gnu++0x";
				CLANG_CXX_LIBRARY = "libc++";
				CLANG_ENABLE_MODULES = YES;
				CLANG_ENABLE_OBJC_ARC = YES;
				CLANG_WARN_BOOL_CONVERSION = YES;
				CLANG_WARN_CONSTANT_CONVERSION = YES;
				CLANG_WARN_DIRECT_OBJC_ISA_USAGE = YES_ERROR;
				CLANG_WARN_EMPTY_BODY = YES;
				CLANG_WARN_ENUM_CONVERSION = YES;
				CLANG_WARN_INT_CONVERSION = YES;
				CLANG_WARN_OBJC_ROOT_CLASS = YES_ERROR;
				CLANG_WARN_UNREACHABLE_CODE = YES;
				CLANG_WARN__DUPLICATE_METHOD_MATCH = YES;
				"CODE_SIGN_IDENTITY[sdk=iphoneos*]" = "iPhone Developer";
				COPY_PHASE_STRIP = NO;
				DEBUG_INFORMATION_FORMAT = "dwarf-with-dsym";
				ENABLE_NS_ASSERTIONS = NO;
				ENABLE_STRICT_OBJC_MSGSEND = YES;
				GCC_C_LANGUAGE_STANDARD = gnu99;
				GCC_NO_COMMON_BLOCKS = YES;
				GCC_WARN_64_TO_32_BIT_CONVERSION = YES;
				GCC_WARN_ABOUT_RETURN_TYPE = YES_ERROR;
				GCC_WARN_UNDECLARED_SELECTOR = YES;
				GCC_WARN_UNINITIALIZED_AUTOS = YES_AGGRESSIVE;
				GCC_WARN_UNUSED_FUNCTION = YES;
				GCC_WARN_UNUSED_VARIABLE = YES;
				IPHONEOS_DEPLOYMENT_TARGET = 9.0;
				MTL_ENABLE_DEBUG_INFO = NO;
				SDKROOT = iphoneos;
				VALIDATE_PRODUCT = YES;
			};
			name = Release;
		};
		ABB34C051BB3D17B00C290A7 /* Debug */ = {
			isa = XCBuildConfiguration;
			buildSettings = {
				ASSETCATALOG_COMPILER_APPICON_NAME = AppIcon;
				CODE_SIGN_IDENTITY = "iPhone Developer";
				INFOPLIST_FILE = LFImagePicker/Info.plist;
				IPHONEOS_DEPLOYMENT_TARGET = 8.4;
				LD_RUNPATH_SEARCH_PATHS = "$(inherited) @executable_path/Frameworks";
				PRODUCT_BUNDLE_IDENTIFIER = me.longfan.LFImagePicker;
				PRODUCT_NAME = "$(TARGET_NAME)";
			};
			name = Debug;
		};
		ABB34C061BB3D17B00C290A7 /* Release */ = {
			isa = XCBuildConfiguration;
			buildSettings = {
				ASSETCATALOG_COMPILER_APPICON_NAME = AppIcon;
				CODE_SIGN_IDENTITY = "iPhone Developer";
				INFOPLIST_FILE = LFImagePicker/Info.plist;
				IPHONEOS_DEPLOYMENT_TARGET = 8.4;
				LD_RUNPATH_SEARCH_PATHS = "$(inherited) @executable_path/Frameworks";
				PRODUCT_BUNDLE_IDENTIFIER = me.longfan.LFImagePicker;
				PRODUCT_NAME = "$(TARGET_NAME)";
			};
			name = Release;
		};
		ABB34C081BB3D17B00C290A7 /* Debug */ = {
			isa = XCBuildConfiguration;
			buildSettings = {
				BUNDLE_LOADER = "$(TEST_HOST)";
				INFOPLIST_FILE = LFImagePickerTests/Info.plist;
				LD_RUNPATH_SEARCH_PATHS = "$(inherited) @executable_path/Frameworks @loader_path/Frameworks";
				PRODUCT_BUNDLE_IDENTIFIER = me.longfan.LFImagePickerTests;
				PRODUCT_NAME = "$(TARGET_NAME)";
				TEST_HOST = "$(BUILT_PRODUCTS_DIR)/LFImagePicker.app/LFImagePicker";
			};
			name = Debug;
		};
		ABB34C091BB3D17B00C290A7 /* Release */ = {
			isa = XCBuildConfiguration;
			buildSettings = {
				BUNDLE_LOADER = "$(TEST_HOST)";
				INFOPLIST_FILE = LFImagePickerTests/Info.plist;
				LD_RUNPATH_SEARCH_PATHS = "$(inherited) @executable_path/Frameworks @loader_path/Frameworks";
				PRODUCT_BUNDLE_IDENTIFIER = me.longfan.LFImagePickerTests;
				PRODUCT_NAME = "$(TARGET_NAME)";
				TEST_HOST = "$(BUILT_PRODUCTS_DIR)/LFImagePicker.app/LFImagePicker";
			};
			name = Release;
		};
		ABB34C0B1BB3D17B00C290A7 /* Debug */ = {
			isa = XCBuildConfiguration;
			buildSettings = {
				INFOPLIST_FILE = LFImagePickerUITests/Info.plist;
				LD_RUNPATH_SEARCH_PATHS = "$(inherited) @executable_path/Frameworks @loader_path/Frameworks";
				PRODUCT_BUNDLE_IDENTIFIER = me.longfan.LFImagePickerUITests;
				PRODUCT_NAME = "$(TARGET_NAME)";
				TEST_TARGET_NAME = LFImagePicker;
				USES_XCTRUNNER = YES;
			};
			name = Debug;
		};
		ABB34C0C1BB3D17B00C290A7 /* Release */ = {
			isa = XCBuildConfiguration;
			buildSettings = {
				INFOPLIST_FILE = LFImagePickerUITests/Info.plist;
				LD_RUNPATH_SEARCH_PATHS = "$(inherited) @executable_path/Frameworks @loader_path/Frameworks";
				PRODUCT_BUNDLE_IDENTIFIER = me.longfan.LFImagePickerUITests;
				PRODUCT_NAME = "$(TARGET_NAME)";
				TEST_TARGET_NAME = LFImagePicker;
				USES_XCTRUNNER = YES;
			};
			name = Release;
		};
/* End XCBuildConfiguration section */

/* Begin XCConfigurationList section */
		ABB34BD21BB3D17A00C290A7 /* Build configuration list for PBXProject "LFImagePicker" */ = {
			isa = XCConfigurationList;
			buildConfigurations = (
				ABB34C021BB3D17B00C290A7 /* Debug */,
				ABB34C031BB3D17B00C290A7 /* Release */,
			);
			defaultConfigurationIsVisible = 0;
			defaultConfigurationName = Release;
		};
		ABB34C041BB3D17B00C290A7 /* Build configuration list for PBXNativeTarget "LFImagePicker" */ = {
			isa = XCConfigurationList;
			buildConfigurations = (
				ABB34C051BB3D17B00C290A7 /* Debug */,
				ABB34C061BB3D17B00C290A7 /* Release */,
			);
			defaultConfigurationIsVisible = 0;
			defaultConfigurationName = Release;
		};
		ABB34C071BB3D17B00C290A7 /* Build configuration list for PBXNativeTarget "LFImagePickerTests" */ = {
			isa = XCConfigurationList;
			buildConfigurations = (
				ABB34C081BB3D17B00C290A7 /* Debug */,
				ABB34C091BB3D17B00C290A7 /* Release */,
			);
			defaultConfigurationIsVisible = 0;
			defaultConfigurationName = Release;
		};
		ABB34C0A1BB3D17B00C290A7 /* Build configuration list for PBXNativeTarget "LFImagePickerUITests" */ = {
			isa = XCConfigurationList;
			buildConfigurations = (
				ABB34C0B1BB3D17B00C290A7 /* Debug */,
				ABB34C0C1BB3D17B00C290A7 /* Release */,
			);
			defaultConfigurationIsVisible = 0;
			defaultConfigurationName = Release;
		};
/* End XCConfigurationList section */
	};
	rootObject = ABB34BCF1BB3D17A00C290A7 /* Project object */;
}
